
Microsoft Visual Studio Solution File, Format Version 12.00
# Visual Studio Version 16
VisualStudioVersion = 16.0.32106.194
MinimumVisualStudioVersion = 10.0.40219.1
Project("{FAE04EC0-301F-11D3-BF4B-00C04F79EFBC}") = "test5", "test5\test5.csproj", "{C701089C-8FB2-44DA-94AA-7E5CA78E87FF}"
EndProject
Global
	GlobalSection(SolutionConfigurationPlatforms) = preSolution
		Debug|Any CPU = Debug|Any CPU
		Release|Any CPU = Release|Any CPU
	EndGlobalSection
	GlobalSection(ProjectConfigurationPlatforms) = postSolution
		{C701089C-8FB2-44DA-94AA-7E5CA78E87FF}.Debug|Any CPU.ActiveCfg = Debug|Any CPU
		{C701089C-8FB2-44DA-94AA-7E5CA78E87FF}.Debug|Any CPU.Build.0 = Debug|Any CPU
		{C701089C-8FB2-44DA-94AA-7E5CA78E87FF}.Release|Any CPU.ActiveCfg = Release|Any CPU
		{C701089C-8FB2-44DA-94AA-7E5CA78E87FF}.Release|Any CPU.Build.0 = Release|Any CPU
	EndGlobalSection
	GlobalSection(SolutionProperties) = preSolution
		HideSolutionNode = FALSE
	EndGlobalSection
	GlobalSection(ExtensibilityGlobals) = postSolution
		SolutionGuid = {6A329A8D-74B6-44C2-8840-A09D7546C1E5}
	EndGlobalSection
EndGlobal
